
Microsoft Visual Studio Solution File, Format Version 12.00
# Visual Studio Version 17
VisualStudioVersion = 17.11.35219.272
MinimumVisualStudioVersion = 10.0.40219.1
Project("{9A19103F-16F7-4668-BE54-9A1E7A4F7556}") = "BookingSystem", "BookingSystem\BookingSystem.csproj", "{BBB09624-8B5C-4164-9A1E-9F3436C2CC63}"
EndProject
Global
	GlobalSection(SolutionConfigurationPlatforms) = preSolution
		Debug|Any CPU = Debug|Any CPU
		Release|Any CPU = Release|Any CPU
	EndGlobalSection
	GlobalSection(ProjectConfigurationPlatforms) = postSolution
		{BBB09624-8B5C-4164-9A1E-9F3436C2CC63}.Debug|Any CPU.ActiveCfg = Debug|Any CPU
		{BBB09624-8B5C-4164-9A1E-9F3436C2CC63}.Debug|Any CPU.Build.0 = Debug|Any CPU
		{BBB09624-8B5C-4164-9A1E-9F3436C2CC63}.Release|Any CPU.ActiveCfg = Release|Any CPU
		{BBB09624-8B5C-4164-9A1E-9F3436C2CC63}.Release|Any CPU.Build.0 = Release|Any CPU
	EndGlobalSection
	GlobalSection(SolutionProperties) = preSolution
		HideSolutionNode = FALSE
	EndGlobalSection
	GlobalSection(ExtensibilityGlobals) = postSolution
		SolutionGuid = {3600C28B-FD58-45E5-8ECA-48A159B0E5F1}
	EndGlobalSection
EndGlobal
